
Microsoft Visual Studio Solution File, Format Version 12.00
# Visual Studio Version 16
VisualStudioVersion = 16.0.29324.140
MinimumVisualStudioVersion = 10.0.40219.1
Project("{9A19103F-16F7-4668-BE54-9A1E7A4F7556}") = "Completed Tasks", "Completed Tasks\Completed Tasks.csproj", "{39D52E46-1E9F-4D0C-8887-F4A50682975E}"
EndProject
Project("{9A19103F-16F7-4668-BE54-9A1E7A4F7556}") = "Training2", "Training2\Training2.csproj", "{808943F4-6763-4DFA-8DAB-44B45E275055}"
EndProject
Project("{9A19103F-16F7-4668-BE54-9A1E7A4F7556}") = "Training2Tests", "Training2Tests\Training2Tests.csproj", "{C50DD5BA-52D9-4ADB-A3B1-96DEB5C42F88}"
EndProject
Project("{9A19103F-16F7-4668-BE54-9A1E7A4F7556}") = "SpecifiedExceptions", "SpecifiedExceptions\SpecifiedExceptions.csproj", "{5A03730E-8A9F-43E4-BD01-6391B4D50340}"
EndProject
Project("{9A19103F-16F7-4668-BE54-9A1E7A4F7556}") = "Logger", "Logger\Logger.csproj", "{F025A934-76DC-4E9E-AD50-9D2F2FCA7157}"
EndProject
Project("{9A19103F-16F7-4668-BE54-9A1E7A4F7556}") = "Training3", "Training3\Training3.csproj", "{61A8B804-922C-4F10-9DF6-1F44323184B7}"
EndProject
Project("{9A19103F-16F7-4668-BE54-9A1E7A4F7556}") = "Training3Tests", "Training3Tests\Training3Tests.csproj", "{D8F93C66-4569-49BE-88A1-0ED6E374BBE6}"
EndProject
Project("{9A19103F-16F7-4668-BE54-9A1E7A4F7556}") = "Training4", "Training4\Training4.csproj", "{20D13BA3-C225-48D6-9C95-83CA529ACA0E}"
EndProject
Project("{9A19103F-16F7-4668-BE54-9A1E7A4F7556}") = "Training6", "Reflectiator\Training6.csproj", "{423E24BD-E0CA-4605-8D08-D7DB464D8BCB}"
EndProject
Project("{FAE04EC0-301F-11D3-BF4B-00C04F79EFBC}") = "Training5", "Training5\Training5.csproj", "{9532A461-C0F8-4653-87DF-7DA9C0E2C296}"
EndProject
Global
	GlobalSection(SolutionConfigurationPlatforms) = preSolution
		Debug|Any CPU = Debug|Any CPU
		Release|Any CPU = Release|Any CPU
	EndGlobalSection
	GlobalSection(ProjectConfigurationPlatforms) = postSolution
		{39D52E46-1E9F-4D0C-8887-F4A50682975E}.Debug|Any CPU.ActiveCfg = Debug|Any CPU
		{39D52E46-1E9F-4D0C-8887-F4A50682975E}.Debug|Any CPU.Build.0 = Debug|Any CPU
		{39D52E46-1E9F-4D0C-8887-F4A50682975E}.Release|Any CPU.ActiveCfg = Release|Any CPU
		{39D52E46-1E9F-4D0C-8887-F4A50682975E}.Release|Any CPU.Build.0 = Release|Any CPU
		{808943F4-6763-4DFA-8DAB-44B45E275055}.Debug|Any CPU.ActiveCfg = Debug|Any CPU
		{808943F4-6763-4DFA-8DAB-44B45E275055}.Debug|Any CPU.Build.0 = Debug|Any CPU
		{808943F4-6763-4DFA-8DAB-44B45E275055}.Release|Any CPU.ActiveCfg = Release|Any CPU
		{808943F4-6763-4DFA-8DAB-44B45E275055}.Release|Any CPU.Build.0 = Release|Any CPU
		{C50DD5BA-52D9-4ADB-A3B1-96DEB5C42F88}.Debug|Any CPU.ActiveCfg = Debug|Any CPU
		{C50DD5BA-52D9-4ADB-A3B1-96DEB5C42F88}.Debug|Any CPU.Build.0 = Debug|Any CPU
		{C50DD5BA-52D9-4ADB-A3B1-96DEB5C42F88}.Release|Any CPU.ActiveCfg = Release|Any CPU
		{C50DD5BA-52D9-4ADB-A3B1-96DEB5C42F88}.Release|Any CPU.Build.0 = Release|Any CPU
		{5A03730E-8A9F-43E4-BD01-6391B4D50340}.Debug|Any CPU.ActiveCfg = Debug|Any CPU
		{5A03730E-8A9F-43E4-BD01-6391B4D50340}.Debug|Any CPU.Build.0 = Debug|Any CPU
		{5A03730E-8A9F-43E4-BD01-6391B4D50340}.Release|Any CPU.ActiveCfg = Release|Any CPU
		{5A03730E-8A9F-43E4-BD01-6391B4D50340}.Release|Any CPU.Build.0 = Release|Any CPU
		{F025A934-76DC-4E9E-AD50-9D2F2FCA7157}.Debug|Any CPU.ActiveCfg = Debug|Any CPU
		{F025A934-76DC-4E9E-AD50-9D2F2FCA7157}.Debug|Any CPU.Build.0 = Debug|Any CPU
		{F025A934-76DC-4E9E-AD50-9D2F2FCA7157}.Release|Any CPU.ActiveCfg = Release|Any CPU
		{F025A934-76DC-4E9E-AD50-9D2F2FCA7157}.Release|Any CPU.Build.0 = Release|Any CPU
		{61A8B804-922C-4F10-9DF6-1F44323184B7}.Debug|Any CPU.ActiveCfg = Debug|Any CPU
		{61A8B804-922C-4F10-9DF6-1F44323184B7}.Debug|Any CPU.Build.0 = Debug|Any CPU
		{61A8B804-922C-4F10-9DF6-1F44323184B7}.Release|Any CPU.ActiveCfg = Release|Any CPU
		{61A8B804-922C-4F10-9DF6-1F44323184B7}.Release|Any CPU.Build.0 = Release|Any CPU
		{D8F93C66-4569-49BE-88A1-0ED6E374BBE6}.Debug|Any CPU.ActiveCfg = Debug|Any CPU
		{D8F93C66-4569-49BE-88A1-0ED6E374BBE6}.Debug|Any CPU.Build.0 = Debug|Any CPU
		{D8F93C66-4569-49BE-88A1-0ED6E374BBE6}.Release|Any CPU.ActiveCfg = Release|Any CPU
		{D8F93C66-4569-49BE-88A1-0ED6E374BBE6}.Release|Any CPU.Build.0 = Release|Any CPU
		{20D13BA3-C225-48D6-9C95-83CA529ACA0E}.Debug|Any CPU.ActiveCfg = Debug|Any CPU
		{20D13BA3-C225-48D6-9C95-83CA529ACA0E}.Debug|Any CPU.Build.0 = Debug|Any CPU
		{20D13BA3-C225-48D6-9C95-83CA529ACA0E}.Release|Any CPU.ActiveCfg = Release|Any CPU
		{20D13BA3-C225-48D6-9C95-83CA529ACA0E}.Release|Any CPU.Build.0 = Release|Any CPU
		{423E24BD-E0CA-4605-8D08-D7DB464D8BCB}.Debug|Any CPU.ActiveCfg = Debug|Any CPU
		{423E24BD-E0CA-4605-8D08-D7DB464D8BCB}.Debug|Any CPU.Build.0 = Debug|Any CPU
		{423E24BD-E0CA-4605-8D08-D7DB464D8BCB}.Release|Any CPU.ActiveCfg = Release|Any CPU
		{423E24BD-E0CA-4605-8D08-D7DB464D8BCB}.Release|Any CPU.Build.0 = Release|Any CPU
		{9532A461-C0F8-4653-87DF-7DA9C0E2C296}.Debug|Any CPU.ActiveCfg = Debug|Any CPU
		{9532A461-C0F8-4653-87DF-7DA9C0E2C296}.Debug|Any CPU.Build.0 = Debug|Any CPU
		{9532A461-C0F8-4653-87DF-7DA9C0E2C296}.Release|Any CPU.ActiveCfg = Release|Any CPU
		{9532A461-C0F8-4653-87DF-7DA9C0E2C296}.Release|Any CPU.Build.0 = Release|Any CPU
	EndGlobalSection
	GlobalSection(SolutionProperties) = preSolution
		HideSolutionNode = FALSE
	EndGlobalSection
	GlobalSection(ExtensibilityGlobals) = postSolution
		SolutionGuid = {A6EFF7FD-3C03-437A-9A79-14F2E60E577F}
	EndGlobalSection
EndGlobal
